// !$*UTF8*$!
{
	archiveVersion = 1;
	classes = {
	};
	objectVersion = 56;
	objects = {

/* Begin PBXBuildFile section */
		16311F3B29ED428300A3FA58 /* AppDelegate.swift in Sources */ = {isa = PBXBuildFile; fileRef = 16311F3A29ED428300A3FA58 /* AppDelegate.swift */; };
		16311F3D29ED428300A3FA58 /* SceneDelegate.swift in Sources */ = {isa = PBXBuildFile; fileRef = 16311F3C29ED428300A3FA58 /* SceneDelegate.swift */; };
		16311F3F29ED428300A3FA58 /* UsersViewController.swift in Sources */ = {isa = PBXBuildFile; fileRef = 16311F3E29ED428300A3FA58 /* UsersViewController.swift */; };
		16311F5629EE8D6900A3FA58 /* SnapKit in Frameworks */ = {isa = PBXBuildFile; productRef = 16311F5529EE8D6900A3FA58 /* SnapKit */; };
		16311F6229EE999600A3FA58 /* UsersView.swift in Sources */ = {isa = PBXBuildFile; fileRef = 16311F6129EE999600A3FA58 /* UsersView.swift */; };
		16311F6529EE9D9C00A3FA58 /* DetailUsersView.swift in Sources */ = {isa = PBXBuildFile; fileRef = 16311F6429EE9D9C00A3FA58 /* DetailUsersView.swift */; };
		16311F6829EE9DF800A3FA58 /* DetailUsersViewController.swift in Sources */ = {isa = PBXBuildFile; fileRef = 16311F6729EE9DF800A3FA58 /* DetailUsersViewController.swift */; };
		1674402E29EFE73D0054A33C /* PersistenceStack.swift in Sources */ = {isa = PBXBuildFile; fileRef = 1674402D29EFE73D0054A33C /* PersistenceStack.swift */; };
		1674403129EFE8B20054A33C /* UserInfo+CoreDataClass.swift in Sources */ = {isa = PBXBuildFile; fileRef = 1674403029EFE8B20054A33C /* UserInfo+CoreDataClass.swift */; };
		1674403329EFE8C50054A33C /* UserInfo+CoreDataProperties.swift in Sources */ = {isa = PBXBuildFile; fileRef = 1674403229EFE8C50054A33C /* UserInfo+CoreDataProperties.swift */; };
		167CC60429EFEFEB0088814C /* Assets.xcassets in Resources */ = {isa = PBXBuildFile; fileRef = 167CC60329EFEFEB0088814C /* Assets.xcassets */; };
		167CC60729EFF01C0088814C /* CoreDataModel.xcdatamodeld in Sources */ = {isa = PBXBuildFile; fileRef = 167CC60529EFF01C0088814C /* CoreDataModel.xcdatamodeld */; };
		167CC60A29EFF61F0088814C /* AssemblyModuleBuilder.swift in Sources */ = {isa = PBXBuildFile; fileRef = 167CC60929EFF61F0088814C /* AssemblyModuleBuilder.swift */; };
		167CC60C29EFF6470088814C /* RouterModule.swift in Sources */ = {isa = PBXBuildFile; fileRef = 167CC60B29EFF6470088814C /* RouterModule.swift */; };
		167CC60E29EFF7240088814C /* UsersPresenter.swift in Sources */ = {isa = PBXBuildFile; fileRef = 167CC60D29EFF7240088814C /* UsersPresenter.swift */; };
/* End PBXBuildFile section */

/* Begin PBXFileReference section */
		16311F3729ED428300A3FA58 /* CoreDataHW.app */ = {isa = PBXFileReference; explicitFileType = wrapper.application; includeInIndex = 0; path = CoreDataHW.app; sourceTree = BUILT_PRODUCTS_DIR; };
		16311F3A29ED428300A3FA58 /* AppDelegate.swift */ = {isa = PBXFileReference; lastKnownFileType = sourcecode.swift; path = AppDelegate.swift; sourceTree = "<group>"; };
		16311F3C29ED428300A3FA58 /* SceneDelegate.swift */ = {isa = PBXFileReference; lastKnownFileType = sourcecode.swift; path = SceneDelegate.swift; sourceTree = "<group>"; };
		16311F3E29ED428300A3FA58 /* UsersViewController.swift */ = {isa = PBXFileReference; lastKnownFileType = sourcecode.swift; path = UsersViewController.swift; sourceTree = "<group>"; };
		16311F6129EE999600A3FA58 /* UsersView.swift */ = {isa = PBXFileReference; lastKnownFileType = sourcecode.swift; path = UsersView.swift; sourceTree = "<group>"; };
		16311F6429EE9D9C00A3FA58 /* DetailUsersView.swift */ = {isa = PBXFileReference; lastKnownFileType = sourcecode.swift; path = DetailUsersView.swift; sourceTree = "<group>"; };
		16311F6729EE9DF800A3FA58 /* DetailUsersViewController.swift */ = {isa = PBXFileReference; lastKnownFileType = sourcecode.swift; path = DetailUsersViewController.swift; sourceTree = "<group>"; };
		1674402D29EFE73D0054A33C /* PersistenceStack.swift */ = {isa = PBXFileReference; lastKnownFileType = sourcecode.swift; path = PersistenceStack.swift; sourceTree = "<group>"; };
		1674403029EFE8B20054A33C /* UserInfo+CoreDataClass.swift */ = {isa = PBXFileReference; lastKnownFileType = sourcecode.swift; path = "UserInfo+CoreDataClass.swift"; sourceTree = "<group>"; };
		1674403229EFE8C50054A33C /* UserInfo+CoreDataProperties.swift */ = {isa = PBXFileReference; lastKnownFileType = sourcecode.swift; path = "UserInfo+CoreDataProperties.swift"; sourceTree = "<group>"; };
		167CC5FF29EFEEC40088814C /* Info.plist */ = {isa = PBXFileReference; fileEncoding = 4; lastKnownFileType = text.plist.xml; path = Info.plist; sourceTree = "<group>"; };
		167CC60329EFEFEB0088814C /* Assets.xcassets */ = {isa = PBXFileReference; lastKnownFileType = folder.assetcatalog; path = Assets.xcassets; sourceTree = "<group>"; };
		167CC60629EFF01C0088814C /* CoreDataModel.xcdatamodel */ = {isa = PBXFileReference; lastKnownFileType = wrapper.xcdatamodel; path = CoreDataModel.xcdatamodel; sourceTree = "<group>"; };
		167CC60929EFF61F0088814C /* AssemblyModuleBuilder.swift */ = {isa = PBXFileReference; lastKnownFileType = sourcecode.swift; path = AssemblyModuleBuilder.swift; sourceTree = "<group>"; };
		167CC60B29EFF6470088814C /* RouterModule.swift */ = {isa = PBXFileReference; lastKnownFileType = sourcecode.swift; path = RouterModule.swift; sourceTree = "<group>"; };
		167CC60D29EFF7240088814C /* UsersPresenter.swift */ = {isa = PBXFileReference; lastKnownFileType = sourcecode.swift; path = UsersPresenter.swift; sourceTree = "<group>"; };
/* End PBXFileReference section */

/* Begin PBXFrameworksBuildPhase section */
		16311F3429ED428300A3FA58 /* Frameworks */ = {
			isa = PBXFrameworksBuildPhase;
			buildActionMask = 2147483647;
			files = (
				16311F5629EE8D6900A3FA58 /* SnapKit in Frameworks */,
			);
			runOnlyForDeploymentPostprocessing = 0;
		};
/* End PBXFrameworksBuildPhase section */

/* Begin PBXGroup section */
		16311F2E29ED428300A3FA58 = {
			isa = PBXGroup;
			children = (
				16311F3929ED428300A3FA58 /* CoreDataHW */,
				16311F3829ED428300A3FA58 /* Products */,
			);
			sourceTree = "<group>";
		};
		16311F3829ED428300A3FA58 /* Products */ = {
			isa = PBXGroup;
			children = (
				16311F3729ED428300A3FA58 /* CoreDataHW.app */,
			);
			name = Products;
			sourceTree = "<group>";
		};
		16311F3929ED428300A3FA58 /* CoreDataHW */ = {
			isa = PBXGroup;
			children = (
				16311F5229EE897B00A3FA58 /* Sources */,
				16311F5129EE896E00A3FA58 /* Resources */,
			);
			path = CoreDataHW;
			sourceTree = "<group>";
		};
		16311F5129EE896E00A3FA58 /* Resources */ = {
			isa = PBXGroup;
			children = (
				167CC60529EFF01C0088814C /* CoreDataModel.xcdatamodeld */,
				167CC60329EFEFEB0088814C /* Assets.xcassets */,
				167CC5FF29EFEEC40088814C /* Info.plist */,
			);
			path = Resources;
			sourceTree = "<group>";
		};
		16311F5229EE897B00A3FA58 /* Sources */ = {
			isa = PBXGroup;
			children = (
				1674402C29EFE4B90054A33C /* CoreData */,
				16311F5929EE98DA00A3FA58 /* AssemblyModule */,
				16311F5829EE98D600A3FA58 /* Router */,
				16311F5729EE98AE00A3FA58 /* Scene */,
				16311F5329EE89CF00A3FA58 /* Application */,
			);
			path = Sources;
			sourceTree = "<group>";
		};
		16311F5329EE89CF00A3FA58 /* Application */ = {
			isa = PBXGroup;
			children = (
				16311F3A29ED428300A3FA58 /* AppDelegate.swift */,
				16311F3C29ED428300A3FA58 /* SceneDelegate.swift */,
			);
			path = Application;
			sourceTree = "<group>";
		};
		16311F5729EE98AE00A3FA58 /* Scene */ = {
			isa = PBXGroup;
			children = (
				16311F5A29EE990000A3FA58 /* Users */,
				16311F5B29EE990800A3FA58 /* DetailUsers */,
			);
			path = Scene;
			sourceTree = "<group>";
		};
		16311F5829EE98D600A3FA58 /* Router */ = {
			isa = PBXGroup;
			children = (
				167CC60B29EFF6470088814C /* RouterModule.swift */,
			);
			path = Router;
			sourceTree = "<group>";
		};
		16311F5929EE98DA00A3FA58 /* AssemblyModule */ = {
			isa = PBXGroup;
			children = (
				167CC60929EFF61F0088814C /* AssemblyModuleBuilder.swift */,
			);
			path = AssemblyModule;
			sourceTree = "<group>";
		};
		16311F5A29EE990000A3FA58 /* Users */ = {
			isa = PBXGroup;
			children = (
				16311F5D29EE993000A3FA58 /* Controller */,
				16311F5C29EE992600A3FA58 /* Presenter */,
			);
			path = Users;
			sourceTree = "<group>";
		};
		16311F5B29EE990800A3FA58 /* DetailUsers */ = {
			isa = PBXGroup;
			children = (
				16311F6029EE994500A3FA58 /* Controller */,
				16311F5F29EE993E00A3FA58 /* Presenter */,
			);
			path = DetailUsers;
			sourceTree = "<group>";
		};
		16311F5C29EE992600A3FA58 /* Presenter */ = {
			isa = PBXGroup;
			children = (
				167CC60D29EFF7240088814C /* UsersPresenter.swift */,
			);
			path = Presenter;
			sourceTree = "<group>";
		};
		16311F5D29EE993000A3FA58 /* Controller */ = {
			isa = PBXGroup;
			children = (
				16311F3E29ED428300A3FA58 /* UsersViewController.swift */,
				16311F5E29EE993700A3FA58 /* View */,
			);
			path = Controller;
			sourceTree = "<group>";
		};
		16311F5E29EE993700A3FA58 /* View */ = {
			isa = PBXGroup;
			children = (
				16311F6129EE999600A3FA58 /* UsersView.swift */,
			);
			path = View;
			sourceTree = "<group>";
		};
		16311F5F29EE993E00A3FA58 /* Presenter */ = {
			isa = PBXGroup;
			children = (
			);
			path = Presenter;
			sourceTree = "<group>";
		};
		16311F6029EE994500A3FA58 /* Controller */ = {
			isa = PBXGroup;
			children = (
				16311F6329EE9D7F00A3FA58 /* View */,
				16311F6729EE9DF800A3FA58 /* DetailUsersViewController.swift */,
			);
			path = Controller;
			sourceTree = "<group>";
		};
		16311F6329EE9D7F00A3FA58 /* View */ = {
			isa = PBXGroup;
			children = (
				16311F6429EE9D9C00A3FA58 /* DetailUsersView.swift */,
			);
			path = View;
			sourceTree = "<group>";
		};
		1674402C29EFE4B90054A33C /* CoreData */ = {
			isa = PBXGroup;
			children = (
				1674402F29EFE89D0054A33C /* Model */,
				1674402D29EFE73D0054A33C /* PersistenceStack.swift */,
			);
			path = CoreData;
			sourceTree = "<group>";
		};
		1674402F29EFE89D0054A33C /* Model */ = {
			isa = PBXGroup;
			children = (
				1674403029EFE8B20054A33C /* UserInfo+CoreDataClass.swift */,
				1674403229EFE8C50054A33C /* UserInfo+CoreDataProperties.swift */,
			);
			path = Model;
			sourceTree = "<group>";
		};
/* End PBXGroup section */

/* Begin PBXNativeTarget section */
		16311F3629ED428300A3FA58 /* CoreDataHW */ = {
			isa = PBXNativeTarget;
			buildConfigurationList = 16311F4E29ED428500A3FA58 /* Build configuration list for PBXNativeTarget "CoreDataHW" */;
			buildPhases = (
				16311F3329ED428300A3FA58 /* Sources */,
				16311F3429ED428300A3FA58 /* Frameworks */,
				16311F3529ED428300A3FA58 /* Resources */,
			);
			buildRules = (
			);
			dependencies = (
			);
			name = CoreDataHW;
			packageProductDependencies = (
				16311F5529EE8D6900A3FA58 /* SnapKit */,
			);
			productName = CoreData;
			productReference = 16311F3729ED428300A3FA58 /* CoreDataHW.app */;
			productType = "com.apple.product-type.application";
		};
/* End PBXNativeTarget section */

/* Begin PBXProject section */
		16311F2F29ED428300A3FA58 /* Project object */ = {
			isa = PBXProject;
			attributes = {
				BuildIndependentTargetsInParallel = 1;
				LastSwiftUpdateCheck = 1420;
				LastUpgradeCheck = 1420;
				TargetAttributes = {
					16311F3629ED428300A3FA58 = {
						CreatedOnToolsVersion = 14.2;
					};
				};
			};
			buildConfigurationList = 16311F3229ED428300A3FA58 /* Build configuration list for PBXProject "CoreDataHW" */;
			compatibilityVersion = "Xcode 14.0";
			developmentRegion = en;
			hasScannedForEncodings = 0;
			knownRegions = (
				en,
				Base,
			);
			mainGroup = 16311F2E29ED428300A3FA58;
			packageReferences = (
				16311F5429EE8D6900A3FA58 /* XCRemoteSwiftPackageReference "SnapKit" */,
			);
			productRefGroup = 16311F3829ED428300A3FA58 /* Products */;
			projectDirPath = "";
			projectRoot = "";
			targets = (
				16311F3629ED428300A3FA58 /* CoreDataHW */,
			);
		};
/* End PBXProject section */

/* Begin PBXResourcesBuildPhase section */
		16311F3529ED428300A3FA58 /* Resources */ = {
			isa = PBXResourcesBuildPhase;
			buildActionMask = 2147483647;
			files = (
				167CC60429EFEFEB0088814C /* Assets.xcassets in Resources */,
			);
			runOnlyForDeploymentPostprocessing = 0;
		};
/* End PBXResourcesBuildPhase section */

/* Begin PBXSourcesBuildPhase section */
		16311F3329ED428300A3FA58 /* Sources */ = {
			isa = PBXSourcesBuildPhase;
			buildActionMask = 2147483647;
			files = (
				167CC60C29EFF6470088814C /* RouterModule.swift in Sources */,
				167CC60E29EFF7240088814C /* UsersPresenter.swift in Sources */,
				1674403329EFE8C50054A33C /* UserInfo+CoreDataProperties.swift in Sources */,
				16311F6529EE9D9C00A3FA58 /* DetailUsersView.swift in Sources */,
				16311F6829EE9DF800A3FA58 /* DetailUsersViewController.swift in Sources */,
				1674403129EFE8B20054A33C /* UserInfo+CoreDataClass.swift in Sources */,
				167CC60729EFF01C0088814C /* CoreDataModel.xcdatamodeld in Sources */,
				16311F6229EE999600A3FA58 /* UsersView.swift in Sources */,
				167CC60A29EFF61F0088814C /* AssemblyModuleBuilder.swift in Sources */,
				1674402E29EFE73D0054A33C /* PersistenceStack.swift in Sources */,
				16311F3F29ED428300A3FA58 /* UsersViewController.swift in Sources */,
				16311F3B29ED428300A3FA58 /* AppDelegate.swift in Sources */,
				16311F3D29ED428300A3FA58 /* SceneDelegate.swift in Sources */,
			);
			runOnlyForDeploymentPostprocessing = 0;
		};
/* End PBXSourcesBuildPhase section */

/* Begin XCBuildConfiguration section */
		16311F4C29ED428500A3FA58 /* Debug */ = {
			isa = XCBuildConfiguration;
			buildSettings = {
				ALWAYS_SEARCH_USER_PATHS = NO;
				CLANG_ANALYZER_NONNULL = YES;
				CLANG_ANALYZER_NUMBER_OBJECT_CONVERSION = YES_AGGRESSIVE;
				CLANG_CXX_LANGUAGE_STANDARD = "gnu++20";
				CLANG_ENABLE_MODULES = YES;
				CLANG_ENABLE_OBJC_ARC = YES;
				CLANG_ENABLE_OBJC_WEAK = YES;
				CLANG_WARN_BLOCK_CAPTURE_AUTORELEASING = YES;
				CLANG_WARN_BOOL_CONVERSION = YES;
				CLANG_WARN_COMMA = YES;
				CLANG_WARN_CONSTANT_CONVERSION = YES;
				CLANG_WARN_DEPRECATED_OBJC_IMPLEMENTATIONS = YES;
				CLANG_WARN_DIRECT_OBJC_ISA_USAGE = YES_ERROR;
				CLANG_WARN_DOCUMENTATION_COMMENTS = YES;
				CLANG_WARN_EMPTY_BODY = YES;
				CLANG_WARN_ENUM_CONVERSION = YES;
				CLANG_WARN_INFINITE_RECURSION = YES;
				CLANG_WARN_INT_CONVERSION = YES;
				CLANG_WARN_NON_LITERAL_NULL_CONVERSION = YES;
				CLANG_WARN_OBJC_IMPLICIT_RETAIN_SELF = YES;
				CLANG_WARN_OBJC_LITERAL_CONVERSION = YES;
				CLANG_WARN_OBJC_ROOT_CLASS = YES_ERROR;
				CLANG_WARN_QUOTED_INCLUDE_IN_FRAMEWORK_HEADER = YES;
				CLANG_WARN_RANGE_LOOP_ANALYSIS = YES;
				CLANG_WARN_STRICT_PROTOTYPES = YES;
				CLANG_WARN_SUSPICIOUS_MOVE = YES;
				CLANG_WARN_UNGUARDED_AVAILABILITY = YES_AGGRESSIVE;
				CLANG_WARN_UNREACHABLE_CODE = YES;
				CLANG_WARN__DUPLICATE_METHOD_MATCH = YES;
				COPY_PHASE_STRIP = NO;
				DEBUG_INFORMATION_FORMAT = dwarf;
				ENABLE_STRICT_OBJC_MSGSEND = YES;
				ENABLE_TESTABILITY = YES;
				GCC_C_LANGUAGE_STANDARD = gnu11;
				GCC_DYNAMIC_NO_PIC = NO;
				GCC_NO_COMMON_BLOCKS = YES;
				GCC_OPTIMIZATION_LEVEL = 0;
				GCC_PREPROCESSOR_DEFINITIONS = (
					"DEBUG=1",
					"$(inherited)",
				);
				GCC_WARN_64_TO_32_BIT_CONVERSION = YES;
				GCC_WARN_ABOUT_RETURN_TYPE = YES_ERROR;
				GCC_WARN_UNDECLARED_SELECTOR = YES;
				GCC_WARN_UNINITIALIZED_AUTOS = YES_AGGRESSIVE;
				GCC_WARN_UNUSED_FUNCTION = YES;
				GCC_WARN_UNUSED_VARIABLE = YES;
				IPHONEOS_DEPLOYMENT_TARGET = 16.2;
				MTL_ENABLE_DEBUG_INFO = INCLUDE_SOURCE;
				MTL_FAST_MATH = YES;
				ONLY_ACTIVE_ARCH = YES;
				SDKROOT = iphoneos;
				SWIFT_ACTIVE_COMPILATION_CONDITIONS = DEBUG;
				SWIFT_OPTIMIZATION_LEVEL = "-Onone";
			};
			name = Debug;
		};
		16311F4D29ED428500A3FA58 /* Release */ = {
			isa = XCBuildConfiguration;
			buildSettings = {
				ALWAYS_SEARCH_USER_PATHS = NO;
				CLANG_ANALYZER_NONNULL = YES;
				CLANG_ANALYZER_NUMBER_OBJECT_CONVERSION = YES_AGGRESSIVE;
				CLANG_CXX_LANGUAGE_STANDARD = "gnu++20";
				CLANG_ENABLE_MODULES = YES;
				CLANG_ENABLE_OBJC_ARC = YES;
				CLANG_ENABLE_OBJC_WEAK = YES;
				CLANG_WARN_BLOCK_CAPTURE_AUTORELEASING = YES;
				CLANG_WARN_BOOL_CONVERSION = YES;
				CLANG_WARN_COMMA = YES;
				CLANG_WARN_CONSTANT_CONVERSION = YES;
				CLANG_WARN_DEPRECATED_OBJC_IMPLEMENTATIONS = YES;
				CLANG_WARN_DIRECT_OBJC_ISA_USAGE = YES_ERROR;
				CLANG_WARN_DOCUMENTATION_COMMENTS = YES;
				CLANG_WARN_EMPTY_BODY = YES;
				CLANG_WARN_ENUM_CONVERSION = YES;
				CLANG_WARN_INFINITE_RECURSION = YES;
				CLANG_WARN_INT_CONVERSION = YES;
				CLANG_WARN_NON_LITERAL_NULL_CONVERSION = YES;
				CLANG_WARN_OBJC_IMPLICIT_RETAIN_SELF = YES;
				CLANG_WARN_OBJC_LITERAL_CONVERSION = YES;
				CLANG_WARN_OBJC_ROOT_CLASS = YES_ERROR;
				CLANG_WARN_QUOTED_INCLUDE_IN_FRAMEWORK_HEADER = YES;
				CLANG_WARN_RANGE_LOOP_ANALYSIS = YES;
				CLANG_WARN_STRICT_PROTOTYPES = YES;
				CLANG_WARN_SUSPICIOUS_MOVE = YES;
				CLANG_WARN_UNGUARDED_AVAILABILITY = YES_AGGRESSIVE;
				CLANG_WARN_UNREACHABLE_CODE = YES;
				CLANG_WARN__DUPLICATE_METHOD_MATCH = YES;
				COPY_PHASE_STRIP = NO;
				DEBUG_INFORMATION_FORMAT = "dwarf-with-dsym";
				ENABLE_NS_ASSERTIONS = NO;
				ENABLE_STRICT_OBJC_MSGSEND = YES;
				GCC_C_LANGUAGE_STANDARD = gnu11;
				GCC_NO_COMMON_BLOCKS = YES;
				GCC_WARN_64_TO_32_BIT_CONVERSION = YES;
				GCC_WARN_ABOUT_RETURN_TYPE = YES_ERROR;
				GCC_WARN_UNDECLARED_SELECTOR = YES;
				GCC_WARN_UNINITIALIZED_AUTOS = YES_AGGRESSIVE;
				GCC_WARN_UNUSED_FUNCTION = YES;
				GCC_WARN_UNUSED_VARIABLE = YES;
				IPHONEOS_DEPLOYMENT_TARGET = 16.2;
				MTL_ENABLE_DEBUG_INFO = NO;
				MTL_FAST_MATH = YES;
				SDKROOT = iphoneos;
				SWIFT_COMPILATION_MODE = wholemodule;
				SWIFT_OPTIMIZATION_LEVEL = "-O";
				VALIDATE_PRODUCT = YES;
			};
			name = Release;
		};
		16311F4F29ED428500A3FA58 /* Debug */ = {
			isa = XCBuildConfiguration;
			buildSettings = {
				ASSETCATALOG_COMPILER_APPICON_NAME = AppIcon;
				ASSETCATALOG_COMPILER_GLOBAL_ACCENT_COLOR_NAME = AccentColor;
				CODE_SIGN_STYLE = Automatic;
				CURRENT_PROJECT_VERSION = 1;
				DEVELOPMENT_TEAM = LLVUWV97ZX;
				GENERATE_INFOPLIST_FILE = YES;
				INFOPLIST_FILE = CoreDataHW/Resources/Info.plist;
				INFOPLIST_KEY_UIApplicationSupportsIndirectInputEvents = NO;
				INFOPLIST_KEY_UILaunchStoryboardName = LaunchScreen;
				INFOPLIST_KEY_UISupportedInterfaceOrientations_iPad = "UIInterfaceOrientationPortrait UIInterfaceOrientationPortraitUpsideDown UIInterfaceOrientationLandscapeLeft UIInterfaceOrientationLandscapeRight";
				INFOPLIST_KEY_UISupportedInterfaceOrientations_iPhone = "UIInterfaceOrientationPortrait UIInterfaceOrientationLandscapeLeft UIInterfaceOrientationLandscapeRight";
				LD_RUNPATH_SEARCH_PATHS = (
					"$(inherited)",
					"@executable_path/Frameworks",
				);
				MARKETING_VERSION = 1.0;
				PRODUCT_BUNDLE_IDENTIFIER = com.VictorGaritskyu.CoreData;
				PRODUCT_NAME = "$(TARGET_NAME)";
				SWIFT_EMIT_LOC_STRINGS = YES;
				SWIFT_VERSION = 5.0;
				TARGETED_DEVICE_FAMILY = "1,2";
			};
			name = Debug;
		};
		16311F5029ED428500A3FA58 /* Release */ = {
			isa = XCBuildConfiguration;
			buildSettings = {
				ASSETCATALOG_COMPILER_APPICON_NAME = AppIcon;
				ASSETCATALOG_COMPILER_GLOBAL_ACCENT_COLOR_NAME = AccentColor;
				CODE_SIGN_STYLE = Automatic;
				CURRENT_PROJECT_VERSION = 1;
				DEVELOPMENT_TEAM = LLVUWV97ZX;
				GENERATE_INFOPLIST_FILE = YES;
				INFOPLIST_FILE = CoreDataHW/Resources/Info.plist;
				INFOPLIST_KEY_UIApplicationSupportsIndirectInputEvents = NO;
				INFOPLIST_KEY_UILaunchStoryboardName = LaunchScreen;
				INFOPLIST_KEY_UISupportedInterfaceOrientations_iPad = "UIInterfaceOrientationPortrait UIInterfaceOrientationPortraitUpsideDown UIInterfaceOrientationLandscapeLeft UIInterfaceOrientationLandscapeRight";
				INFOPLIST_KEY_UISupportedInterfaceOrientations_iPhone = "UIInterfaceOrientationPortrait UIInterfaceOrientationLandscapeLeft UIInterfaceOrientationLandscapeRight";
				LD_RUNPATH_SEARCH_PATHS = (
					"$(inherited)",
					"@executable_path/Frameworks",
				);
				MARKETING_VERSION = 1.0;
				PRODUCT_BUNDLE_IDENTIFIER = com.VictorGaritskyu.CoreData;
				PRODUCT_NAME = "$(TARGET_NAME)";
				SWIFT_EMIT_LOC_STRINGS = YES;
				SWIFT_VERSION = 5.0;
				TARGETED_DEVICE_FAMILY = "1,2";
			};
			name = Release;
		};
/* End XCBuildConfiguration section */

/* Begin XCConfigurationList section */
		16311F3229ED428300A3FA58 /* Build configuration list for PBXProject "CoreDataHW" */ = {
			isa = XCConfigurationList;
			buildConfigurations = (
				16311F4C29ED428500A3FA58 /* Debug */,
				16311F4D29ED428500A3FA58 /* Release */,
			);
			defaultConfigurationIsVisible = 0;
			defaultConfigurationName = Release;
		};
		16311F4E29ED428500A3FA58 /* Build configuration list for PBXNativeTarget "CoreDataHW" */ = {
			isa = XCConfigurationList;
			buildConfigurations = (
				16311F4F29ED428500A3FA58 /* Debug */,
				16311F5029ED428500A3FA58 /* Release */,
			);
			defaultConfigurationIsVisible = 0;
			defaultConfigurationName = Release;
		};
/* End XCConfigurationList section */

/* Begin XCRemoteSwiftPackageReference section */
		16311F5429EE8D6900A3FA58 /* XCRemoteSwiftPackageReference "SnapKit" */ = {
			isa = XCRemoteSwiftPackageReference;
			repositoryURL = "https://github.com/SnapKit/SnapKit.git";
			requirement = {
				branch = develop;
				kind = branch;
			};
		};
/* End XCRemoteSwiftPackageReference section */

/* Begin XCSwiftPackageProductDependency section */
		16311F5529EE8D6900A3FA58 /* SnapKit */ = {
			isa = XCSwiftPackageProductDependency;
			package = 16311F5429EE8D6900A3FA58 /* XCRemoteSwiftPackageReference "SnapKit" */;
			productName = SnapKit;
		};
/* End XCSwiftPackageProductDependency section */

/* Begin XCVersionGroup section */
		167CC60529EFF01C0088814C /* CoreDataModel.xcdatamodeld */ = {
			isa = XCVersionGroup;
			children = (
				167CC60629EFF01C0088814C /* CoreDataModel.xcdatamodel */,
			);
			currentVersion = 167CC60629EFF01C0088814C /* CoreDataModel.xcdatamodel */;
			path = CoreDataModel.xcdatamodeld;
			sourceTree = "<group>";
			versionGroupType = wrapper.xcdatamodel;
		};
/* End XCVersionGroup section */
	};
	rootObject = 16311F2F29ED428300A3FA58 /* Project object */;
}
